PODS:
  - MovingNumbersView (0.1.0)
  - RHLinePlot (0.1.0)

DEPENDENCIES:
  - MovingNumbersView
  - RHLinePlot

SPEC REPOS:
  trunk:
    - MovingNumbersView
    - RHLinePlot

SPEC CHECKSUMS:
  MovingNumbersView: 24af6d9dbf3979108a7a2a1c77ba23bd8925dc35
  RHLinePlot: ee1d4c933363f9efc37c1264bf46b7db6aca462a

PODFILE CHECKSUM: a9568f2b9f91281cd9f25a2cd453ab09219c408b

COCOAPODS: 1.11.2
