PODS:
  - BottomSheetSwiftUI (2.7.0)
  - MovingNumbersView (0.1.0)
  - RHLinePlot (0.1.0)

DEPENDENCIES:
  - BottomSheetSwiftUI
  - MovingNumbersView
  - RHLinePlot

SPEC REPOS:
  trunk:
    - BottomSheetSwiftUI
    - MovingNumbersView
    - RHLinePlot

SPEC CHECKSUMS:
  BottomSheetSwiftUI: 57c6e635baeeae878508883b6985051556172515
  MovingNumbersView: 24af6d9dbf3979108a7a2a1c77ba23bd8925dc35
  RHLinePlot: ee1d4c933363f9efc37c1264bf46b7db6aca462a

PODFILE CHECKSUM: d9d4621df6684e1ff3df78948da8abcd31347ebd

COCOAPODS: 1.11.2
