// !$*UTF8*$!
{
	archiveVersion = 1;
	classes = {
	};
	objectVersion = 55;
	objects = {

/* Begin PBXBuildFile section */
		2F022F9E274A5A86009C2F15 /* DataModels.swift in Sources */ = {isa = PBXBuildFile; fileRef = 2F022F9D274A5A86009C2F15 /* DataModels.swift */; };
		2F0325472755611C0032BCCF /* StockView.swift in Sources */ = {isa = PBXBuildFile; fileRef = 2F0325462755611C0032BCCF /* StockView.swift */; };
		2F10BE47275F66A1005B7BB4 /* Mono.xcassets in Resources */ = {isa = PBXBuildFile; fileRef = 2F10BE46275F66A1005B7BB4 /* Mono.xcassets */; };
		2F132CEE275FC98D00AFC120 /* Dark.xcassets in Resources */ = {isa = PBXBuildFile; fileRef = 2F132CED275FC98D00AFC120 /* Dark.xcassets */; };
		2F132CF0275FCB9800AFC120 /* Light.xcassets in Resources */ = {isa = PBXBuildFile; fileRef = 2F132CEF275FCB9800AFC120 /* Light.xcassets */; };
		2F132CF2275FCBA400AFC120 /* Gold.xcassets in Resources */ = {isa = PBXBuildFile; fileRef = 2F132CF1275FCBA400AFC120 /* Gold.xcassets */; };
		2F3023DF2753887B007B3044 /* StocksApp.swift in Sources */ = {isa = PBXBuildFile; fileRef = 2F3023DE2753887B007B3044 /* StocksApp.swift */; };
		2F4ACB632750AFBF00F511AD /* AllStocks.swift in Sources */ = {isa = PBXBuildFile; fileRef = 2F4ACB622750AFBF00F511AD /* AllStocks.swift */; };
		2F4B281D2742EB5000B71809 /* ContentView.swift in Sources */ = {isa = PBXBuildFile; fileRef = 2F4B281C2742EB5000B71809 /* ContentView.swift */; };
		2F4B281F2742EB5100B71809 /* Assets.xcassets in Resources */ = {isa = PBXBuildFile; fileRef = 2F4B281E2742EB5100B71809 /* Assets.xcassets */; };
		2F4B28222742EB5100B71809 /* Preview Assets.xcassets in Resources */ = {isa = PBXBuildFile; fileRef = 2F4B28212742EB5100B71809 /* Preview Assets.xcassets */; };
		2F4B28242742EB5100B71809 /* Persistence.swift in Sources */ = {isa = PBXBuildFile; fileRef = 2F4B28232742EB5100B71809 /* Persistence.swift */; };
		2F4B28272742EB5100B71809 /* stocks.xcdatamodeld in Sources */ = {isa = PBXBuildFile; fileRef = 2F4B28252742EB5100B71809 /* stocks.xcdatamodeld */; };
		2FAA6DB4274A1B2A001D5032 /* StockItem.swift in Sources */ = {isa = PBXBuildFile; fileRef = 2FAA6DB3274A1B2A001D5032 /* StockItem.swift */; };
		2FAC8BAD275B5090009FDB76 /* NewsView.swift in Sources */ = {isa = PBXBuildFile; fileRef = 2FAC8BAC275B5090009FDB76 /* NewsView.swift */; };
		2FAC8BAF275B5415009FDB76 /* ArticleRow.swift in Sources */ = {isa = PBXBuildFile; fileRef = 2FAC8BAE275B5415009FDB76 /* ArticleRow.swift */; };
		2FD27BDF2751892200C41E65 /* Home.swift in Sources */ = {isa = PBXBuildFile; fileRef = 2FD27BDE2751892200C41E65 /* Home.swift */; };
		2FDA0E7F2756B1E900F3B09C /* StockHeaderAndPrice.swift in Sources */ = {isa = PBXBuildFile; fileRef = 2FDA0E7E2756B1E900F3B09C /* StockHeaderAndPrice.swift */; };
		2FDA0E812756B39700F3B09C /* StockDetails.swift in Sources */ = {isa = PBXBuildFile; fileRef = 2FDA0E802756B39700F3B09C /* StockDetails.swift */; };
		2FE3CF1927582C7900E30E09 /* BetterSafariView in Frameworks */ = {isa = PBXBuildFile; productRef = 2FE3CF1827582C7900E30E09 /* BetterSafariView */; };
		2FE57A3E2751A589002F752B /* StockRow.swift in Sources */ = {isa = PBXBuildFile; fileRef = 2FE57A3D2751A589002F752B /* StockRow.swift */; };
		2FFC27A4275CAF7C00D1987D /* SettingsView.swift in Sources */ = {isa = PBXBuildFile; fileRef = 2FFC27A3275CAF7C00D1987D /* SettingsView.swift */; };
		2FFC27A6275CB10D00D1987D /* SettingsRow.swift in Sources */ = {isa = PBXBuildFile; fileRef = 2FFC27A5275CB10D00D1987D /* SettingsRow.swift */; };
		2FFC27A8275CB1C600D1987D /* SettingsModel.swift in Sources */ = {isa = PBXBuildFile; fileRef = 2FFC27A7275CB1C600D1987D /* SettingsModel.swift */; };
		2FFC27AC275CB69100D1987D /* AboutView.swift in Sources */ = {isa = PBXBuildFile; fileRef = 2FFC27AB275CB69100D1987D /* AboutView.swift */; };
		D73272B1A9FF9D1B4FE1BC37 /* Pods_stocks.framework in Frameworks */ = {isa = PBXBuildFile; fileRef = C42DFFFC2C516EDA6A68E6DE /* Pods_stocks.framework */; };
/* End PBXBuildFile section */

/* Begin PBXFileReference section */
		2F022F9D274A5A86009C2F15 /* DataModels.swift */ = {isa = PBXFileReference; lastKnownFileType = sourcecode.swift; path = DataModels.swift; sourceTree = "<group>"; };
		2F0325462755611C0032BCCF /* StockView.swift */ = {isa = PBXFileReference; lastKnownFileType = sourcecode.swift; path = StockView.swift; sourceTree = "<group>"; };
		2F10BE46275F66A1005B7BB4 /* Mono.xcassets */ = {isa = PBXFileReference; lastKnownFileType = folder.assetcatalog; path = Mono.xcassets; sourceTree = "<group>"; };
		2F132CED275FC98D00AFC120 /* Dark.xcassets */ = {isa = PBXFileReference; lastKnownFileType = folder.assetcatalog; path = Dark.xcassets; sourceTree = "<group>"; };
		2F132CEF275FCB9800AFC120 /* Light.xcassets */ = {isa = PBXFileReference; lastKnownFileType = folder.assetcatalog; path = Light.xcassets; sourceTree = "<group>"; };
		2F132CF1275FCBA400AFC120 /* Gold.xcassets */ = {isa = PBXFileReference; lastKnownFileType = folder.assetcatalog; path = Gold.xcassets; sourceTree = "<group>"; };
		2F3023DE2753887B007B3044 /* StocksApp.swift */ = {isa = PBXFileReference; lastKnownFileType = sourcecode.swift; path = StocksApp.swift; sourceTree = "<group>"; };
		2F4ACB622750AFBF00F511AD /* AllStocks.swift */ = {isa = PBXFileReference; lastKnownFileType = sourcecode.swift; path = AllStocks.swift; sourceTree = "<group>"; };
		2F4B28172742EB5000B71809 /* Stockscast.app */ = {isa = PBXFileReference; explicitFileType = wrapper.application; includeInIndex = 0; path = Stockscast.app; sourceTree = BUILT_PRODUCTS_DIR; };
		2F4B281C2742EB5000B71809 /* ContentView.swift */ = {isa = PBXFileReference; lastKnownFileType = sourcecode.swift; path = ContentView.swift; sourceTree = "<group>"; };
		2F4B281E2742EB5100B71809 /* Assets.xcassets */ = {isa = PBXFileReference; lastKnownFileType = folder.assetcatalog; path = Assets.xcassets; sourceTree = "<group>"; };
		2F4B28212742EB5100B71809 /* Preview Assets.xcassets */ = {isa = PBXFileReference; lastKnownFileType = folder.assetcatalog; path = "Preview Assets.xcassets"; sourceTree = "<group>"; };
		2F4B28232742EB5100B71809 /* Persistence.swift */ = {isa = PBXFileReference; lastKnownFileType = sourcecode.swift; path = Persistence.swift; sourceTree = "<group>"; };
		2F4B28262742EB5100B71809 /* stocks.xcdatamodel */ = {isa = PBXFileReference; lastKnownFileType = wrapper.xcdatamodel; path = stocks.xcdatamodel; sourceTree = "<group>"; };
		2F9E2AC22761C575000AE191 /* Info.plist */ = {isa = PBXFileReference; lastKnownFileType = text.plist; path = Info.plist; sourceTree = "<group>"; };
		2FAA6DB3274A1B2A001D5032 /* StockItem.swift */ = {isa = PBXFileReference; lastKnownFileType = sourcecode.swift; path = StockItem.swift; sourceTree = "<group>"; };
		2FAC8BAC275B5090009FDB76 /* NewsView.swift */ = {isa = PBXFileReference; lastKnownFileType = sourcecode.swift; path = NewsView.swift; sourceTree = "<group>"; };
		2FAC8BAE275B5415009FDB76 /* ArticleRow.swift */ = {isa = PBXFileReference; lastKnownFileType = sourcecode.swift; path = ArticleRow.swift; sourceTree = "<group>"; };
		2FD27BDE2751892200C41E65 /* Home.swift */ = {isa = PBXFileReference; lastKnownFileType = sourcecode.swift; path = Home.swift; sourceTree = "<group>"; };
		2FDA0E7E2756B1E900F3B09C /* StockHeaderAndPrice.swift */ = {isa = PBXFileReference; lastKnownFileType = sourcecode.swift; path = StockHeaderAndPrice.swift; sourceTree = "<group>"; };
		2FDA0E802756B39700F3B09C /* StockDetails.swift */ = {isa = PBXFileReference; lastKnownFileType = sourcecode.swift; path = StockDetails.swift; sourceTree = "<group>"; };
		2FE57A3D2751A589002F752B /* StockRow.swift */ = {isa = PBXFileReference; lastKnownFileType = sourcecode.swift; path = StockRow.swift; sourceTree = "<group>"; };
		2FFC27A3275CAF7C00D1987D /* SettingsView.swift */ = {isa = PBXFileReference; lastKnownFileType = sourcecode.swift; path = SettingsView.swift; sourceTree = "<group>"; };
		2FFC27A5275CB10D00D1987D /* SettingsRow.swift */ = {isa = PBXFileReference; lastKnownFileType = sourcecode.swift; path = SettingsRow.swift; sourceTree = "<group>"; };
		2FFC27A7275CB1C600D1987D /* SettingsModel.swift */ = {isa = PBXFileReference; lastKnownFileType = sourcecode.swift; path = SettingsModel.swift; sourceTree = "<group>"; };
		2FFC27AB275CB69100D1987D /* AboutView.swift */ = {isa = PBXFileReference; lastKnownFileType = sourcecode.swift; path = AboutView.swift; sourceTree = "<group>"; };
		9AAE7369B9EF075B4DE4D552 /* Pods-stocks.release.xcconfig */ = {isa = PBXFileReference; includeInIndex = 1; lastKnownFileType = text.xcconfig; name = "Pods-stocks.release.xcconfig"; path = "Target Support Files/Pods-stocks/Pods-stocks.release.xcconfig"; sourceTree = "<group>"; };
		C42DFFFC2C516EDA6A68E6DE /* Pods_stocks.framework */ = {isa = PBXFileReference; explicitFileType = wrapper.framework; includeInIndex = 0; path = Pods_stocks.framework; sourceTree = BUILT_PRODUCTS_DIR; };
		CE87752A17849157196DF320 /* Pods-stocks.debug.xcconfig */ = {isa = PBXFileReference; includeInIndex = 1; lastKnownFileType = text.xcconfig; name = "Pods-stocks.debug.xcconfig"; path = "Target Support Files/Pods-stocks/Pods-stocks.debug.xcconfig"; sourceTree = "<group>"; };
/* End PBXFileReference section */

/* Begin PBXFrameworksBuildPhase section */
		2F4B28142742EB5000B71809 /* Frameworks */ = {
			isa = PBXFrameworksBuildPhase;
			buildActionMask = 2147483647;
			files = (
				D73272B1A9FF9D1B4FE1BC37 /* Pods_stocks.framework in Frameworks */,
				2FE3CF1927582C7900E30E09 /* BetterSafariView in Frameworks */,
			);
			runOnlyForDeploymentPostprocessing = 0;
		};
/* End PBXFrameworksBuildPhase section */

/* Begin PBXGroup section */
		2676481C1999AD8DE3476DE0 /* Pods */ = {
			isa = PBXGroup;
			children = (
				CE87752A17849157196DF320 /* Pods-stocks.debug.xcconfig */,
				9AAE7369B9EF075B4DE4D552 /* Pods-stocks.release.xcconfig */,
			);
			path = Pods;
			sourceTree = "<group>";
		};
		2AA7A8DBD53E9279E3961D3E /* Frameworks */ = {
			isa = PBXGroup;
			children = (
				C42DFFFC2C516EDA6A68E6DE /* Pods_stocks.framework */,
			);
			name = Frameworks;
			sourceTree = "<group>";
		};
		2F4B280E2742EB5000B71809 = {
			isa = PBXGroup;
			children = (
				2F4B28192742EB5000B71809 /* stocks */,
				2F4B28182742EB5000B71809 /* Products */,
				2676481C1999AD8DE3476DE0 /* Pods */,
				2AA7A8DBD53E9279E3961D3E /* Frameworks */,
			);
			sourceTree = "<group>";
		};
		2F4B28182742EB5000B71809 /* Products */ = {
			isa = PBXGroup;
			children = (
				2F4B28172742EB5000B71809 /* Stockscast.app */,
			);
			name = Products;
			sourceTree = "<group>";
		};
		2F4B28192742EB5000B71809 /* stocks */ = {
			isa = PBXGroup;
			children = (
				2F9E2AC22761C575000AE191 /* Info.plist */,
				2FEF582B2761C1E5003D0D24 /* AlternateIcons */,
				2FFC27B1275CDC4300D1987D /* StocksApp */,
				2FFC27B0275CDC2D00D1987D /* AllStocks */,
				2FFC27AF275CDC1F00D1987D /* Home */,
				2FFC27AE275CDA4800D1987D /* News */,
				2FFC27AD275CDA1100D1987D /* StockView */,
				2FFC27A2275CAF5400D1987D /* Settings */,
				2F4B281E2742EB5100B71809 /* Assets.xcassets */,
				2F4B28252742EB5100B71809 /* stocks.xcdatamodeld */,
				2F4B28202742EB5100B71809 /* Preview Content */,
			);
			path = stocks;
			sourceTree = "<group>";
		};
		2F4B28202742EB5100B71809 /* Preview Content */ = {
			isa = PBXGroup;
			children = (
				2F4B28212742EB5100B71809 /* Preview Assets.xcassets */,
			);
			path = "Preview Content";
			sourceTree = "<group>";
		};
		2FEF582B2761C1E5003D0D24 /* AlternateIcons */ = {
			isa = PBXGroup;
			children = (
				2F10BE46275F66A1005B7BB4 /* Mono.xcassets */,
				2F132CED275FC98D00AFC120 /* Dark.xcassets */,
				2F132CEF275FCB9800AFC120 /* Light.xcassets */,
				2F132CF1275FCBA400AFC120 /* Gold.xcassets */,
			);
			path = AlternateIcons;
			sourceTree = "<group>";
		};
		2FFC27A2275CAF5400D1987D /* Settings */ = {
			isa = PBXGroup;
			children = (
				2FFC27A3275CAF7C00D1987D /* SettingsView.swift */,
				2FFC27A5275CB10D00D1987D /* SettingsRow.swift */,
				2FFC27A7275CB1C600D1987D /* SettingsModel.swift */,
				2FFC27AB275CB69100D1987D /* AboutView.swift */,
			);
			path = Settings;
			sourceTree = "<group>";
		};
		2FFC27AD275CDA1100D1987D /* StockView */ = {
			isa = PBXGroup;
			children = (
				2F0325462755611C0032BCCF /* StockView.swift */,
				2FDA0E802756B39700F3B09C /* StockDetails.swift */,
				2FDA0E7E2756B1E900F3B09C /* StockHeaderAndPrice.swift */,
			);
			path = StockView;
			sourceTree = "<group>";
		};
		2FFC27AE275CDA4800D1987D /* News */ = {
			isa = PBXGroup;
			children = (
				2FAC8BAC275B5090009FDB76 /* NewsView.swift */,
				2FAC8BAE275B5415009FDB76 /* ArticleRow.swift */,
			);
			path = News;
			sourceTree = "<group>";
		};
		2FFC27AF275CDC1F00D1987D /* Home */ = {
			isa = PBXGroup;
			children = (
				2FD27BDE2751892200C41E65 /* Home.swift */,
				2FE57A3D2751A589002F752B /* StockRow.swift */,
			);
			path = Home;
			sourceTree = "<group>";
		};
		2FFC27B0275CDC2D00D1987D /* AllStocks */ = {
			isa = PBXGroup;
			children = (
				2F4ACB622750AFBF00F511AD /* AllStocks.swift */,
				2FAA6DB3274A1B2A001D5032 /* StockItem.swift */,
			);
			path = AllStocks;
			sourceTree = "<group>";
		};
		2FFC27B1275CDC4300D1987D /* StocksApp */ = {
			isa = PBXGroup;
			children = (
				2F3023DE2753887B007B3044 /* StocksApp.swift */,
				2F4B281C2742EB5000B71809 /* ContentView.swift */,
				2F022F9D274A5A86009C2F15 /* DataModels.swift */,
				2F4B28232742EB5100B71809 /* Persistence.swift */,
			);
			path = StocksApp;
			sourceTree = "<group>";
		};
/* End PBXGroup section */

/* Begin PBXNativeTarget section */
		2F4B28162742EB5000B71809 /* stocks */ = {
			isa = PBXNativeTarget;
			buildConfigurationList = 2F4B282A2742EB5100B71809 /* Build configuration list for PBXNativeTarget "stocks" */;
			buildPhases = (
				4959C6FFDD75677FC03BDD64 /* [CP] Check Pods Manifest.lock */,
				2F4B28132742EB5000B71809 /* Sources */,
				2F4B28142742EB5000B71809 /* Frameworks */,
				2F4B28152742EB5000B71809 /* Resources */,
				9A547A45704C9A38720CF452 /* [CP] Embed Pods Frameworks */,
			);
			buildRules = (
			);
			dependencies = (
			);
			name = stocks;
			packageProductDependencies = (
				2FE3CF1827582C7900E30E09 /* BetterSafariView */,
			);
			productName = stocks;
			productReference = 2F4B28172742EB5000B71809 /* Stockscast.app */;
			productType = "com.apple.product-type.application";
		};
/* End PBXNativeTarget section */

/* Begin PBXProject section */
		2F4B280F2742EB5000B71809 /* Project object */ = {
			isa = PBXProject;
			attributes = {
				BuildIndependentTargetsInParallel = 1;
				LastSwiftUpdateCheck = 1310;
				LastUpgradeCheck = 1310;
				TargetAttributes = {
					2F4B28162742EB5000B71809 = {
						CreatedOnToolsVersion = 13.1;
					};
				};
			};
			buildConfigurationList = 2F4B28122742EB5000B71809 /* Build configuration list for PBXProject "stocks" */;
			compatibilityVersion = "Xcode 13.0";
			developmentRegion = en;
			hasScannedForEncodings = 0;
			knownRegions = (
				en,
				Base,
			);
			mainGroup = 2F4B280E2742EB5000B71809;
			packageReferences = (
				2FE3CF1727582C7900E30E09 /* XCRemoteSwiftPackageReference "BetterSafariView" */,
			);
			productRefGroup = 2F4B28182742EB5000B71809 /* Products */;
			projectDirPath = "";
			projectRoot = "";
			targets = (
				2F4B28162742EB5000B71809 /* stocks */,
			);
		};
/* End PBXProject section */

/* Begin PBXResourcesBuildPhase section */
		2F4B28152742EB5000B71809 /* Resources */ = {
			isa = PBXResourcesBuildPhase;
			buildActionMask = 2147483647;
			files = (
				2F4B28222742EB5100B71809 /* Preview Assets.xcassets in Resources */,
				2F4B281F2742EB5100B71809 /* Assets.xcassets in Resources */,
				2F10BE47275F66A1005B7BB4 /* Mono.xcassets in Resources */,
				2F132CF0275FCB9800AFC120 /* Light.xcassets in Resources */,
				2F132CEE275FC98D00AFC120 /* Dark.xcassets in Resources */,
				2F132CF2275FCBA400AFC120 /* Gold.xcassets in Resources */,
			);
			runOnlyForDeploymentPostprocessing = 0;
		};
/* End PBXResourcesBuildPhase section */

/* Begin PBXShellScriptBuildPhase section */
		4959C6FFDD75677FC03BDD64 /* [CP] Check Pods Manifest.lock */ = {
			isa = PBXShellScriptBuildPhase;
			buildActionMask = 2147483647;
			files = (
			);
			inputFileListPaths = (
			);
			inputPaths = (
				"${PODS_PODFILE_DIR_PATH}/Podfile.lock",
				"${PODS_ROOT}/Manifest.lock",
			);
			name = "[CP] Check Pods Manifest.lock";
			outputFileListPaths = (
			);
			outputPaths = (
				"$(DERIVED_FILE_DIR)/Pods-stocks-checkManifestLockResult.txt",
			);
			runOnlyForDeploymentPostprocessing = 0;
			shellPath = /bin/sh;
			shellScript = "diff \"${PODS_PODFILE_DIR_PATH}/Podfile.lock\" \"${PODS_ROOT}/Manifest.lock\" > /dev/null\nif [ $? != 0 ] ; then\n    # print error to STDERR\n    echo \"error: The sandbox is not in sync with the Podfile.lock. Run 'pod install' or update your CocoaPods installation.\" >&2\n    exit 1\nfi\n# This output is used by Xcode 'outputs' to avoid re-running this script phase.\necho \"SUCCESS\" > \"${SCRIPT_OUTPUT_FILE_0}\"\n";
			showEnvVarsInLog = 0;
		};
		9A547A45704C9A38720CF452 /* [CP] Embed Pods Frameworks */ = {
			isa = PBXShellScriptBuildPhase;
			buildActionMask = 2147483647;
			files = (
			);
			inputFileListPaths = (
				"${PODS_ROOT}/Target Support Files/Pods-stocks/Pods-stocks-frameworks-${CONFIGURATION}-input-files.xcfilelist",
			);
			name = "[CP] Embed Pods Frameworks";
			outputFileListPaths = (
				"${PODS_ROOT}/Target Support Files/Pods-stocks/Pods-stocks-frameworks-${CONFIGURATION}-output-files.xcfilelist",
			);
			runOnlyForDeploymentPostprocessing = 0;
			shellPath = /bin/sh;
			shellScript = "\"${PODS_ROOT}/Target Support Files/Pods-stocks/Pods-stocks-frameworks.sh\"\n";
			showEnvVarsInLog = 0;
		};
/* End PBXShellScriptBuildPhase section */

/* Begin PBXSourcesBuildPhase section */
		2F4B28132742EB5000B71809 /* Sources */ = {
			isa = PBXSourcesBuildPhase;
			buildActionMask = 2147483647;
			files = (
				2FFC27A4275CAF7C00D1987D /* SettingsView.swift in Sources */,
				2F4B28242742EB5100B71809 /* Persistence.swift in Sources */,
				2FAC8BAF275B5415009FDB76 /* ArticleRow.swift in Sources */,
				2F4B281D2742EB5000B71809 /* ContentView.swift in Sources */,
				2F4B28272742EB5100B71809 /* stocks.xcdatamodeld in Sources */,
				2FFC27A6275CB10D00D1987D /* SettingsRow.swift in Sources */,
				2FDA0E812756B39700F3B09C /* StockDetails.swift in Sources */,
				2F3023DF2753887B007B3044 /* StocksApp.swift in Sources */,
				2FE57A3E2751A589002F752B /* StockRow.swift in Sources */,
				2FDA0E7F2756B1E900F3B09C /* StockHeaderAndPrice.swift in Sources */,
				2FAC8BAD275B5090009FDB76 /* NewsView.swift in Sources */,
				2F0325472755611C0032BCCF /* StockView.swift in Sources */,
				2F022F9E274A5A86009C2F15 /* DataModels.swift in Sources */,
				2FAA6DB4274A1B2A001D5032 /* StockItem.swift in Sources */,
				2FD27BDF2751892200C41E65 /* Home.swift in Sources */,
				2FFC27AC275CB69100D1987D /* AboutView.swift in Sources */,
				2F4ACB632750AFBF00F511AD /* AllStocks.swift in Sources */,
				2FFC27A8275CB1C600D1987D /* SettingsModel.swift in Sources */,
			);
			runOnlyForDeploymentPostprocessing = 0;
		};
/* End PBXSourcesBuildPhase section */

/* Begin XCBuildConfiguration section */
		2F4B28282742EB5100B71809 /* Debug */ = {
			isa = XCBuildConfiguration;
			buildSettings = {
				ALWAYS_SEARCH_USER_PATHS = NO;
				CLANG_ANALYZER_NONNULL = YES;
				CLANG_ANALYZER_NUMBER_OBJECT_CONVERSION = YES_AGGRESSIVE;
				CLANG_CXX_LANGUAGE_STANDARD = "gnu++17";
				CLANG_CXX_LIBRARY = "libc++";
				CLANG_ENABLE_MODULES = YES;
				CLANG_ENABLE_OBJC_ARC = YES;
				CLANG_ENABLE_OBJC_WEAK = YES;
				CLANG_WARN_BLOCK_CAPTURE_AUTORELEASING = YES;
				CLANG_WARN_BOOL_CONVERSION = YES;
				CLANG_WARN_COMMA = YES;
				CLANG_WARN_CONSTANT_CONVERSION = YES;
				CLANG_WARN_DEPRECATED_OBJC_IMPLEMENTATIONS = YES;
				CLANG_WARN_DIRECT_OBJC_ISA_USAGE = YES_ERROR;
				CLANG_WARN_DOCUMENTATION_COMMENTS = YES;
				CLANG_WARN_EMPTY_BODY = YES;
				CLANG_WARN_ENUM_CONVERSION = YES;
				CLANG_WARN_INFINITE_RECURSION = YES;
				CLANG_WARN_INT_CONVERSION = YES;
				CLANG_WARN_NON_LITERAL_NULL_CONVERSION = YES;
				CLANG_WARN_OBJC_IMPLICIT_RETAIN_SELF = YES;
				CLANG_WARN_OBJC_LITERAL_CONVERSION = YES;
				CLANG_WARN_OBJC_ROOT_CLASS = YES_ERROR;
				CLANG_WARN_QUOTED_INCLUDE_IN_FRAMEWORK_HEADER = YES;
				CLANG_WARN_RANGE_LOOP_ANALYSIS = YES;
				CLANG_WARN_STRICT_PROTOTYPES = YES;
				CLANG_WARN_SUSPICIOUS_MOVE = YES;
				CLANG_WARN_UNGUARDED_AVAILABILITY = YES_AGGRESSIVE;
				CLANG_WARN_UNREACHABLE_CODE = YES;
				CLANG_WARN__DUPLICATE_METHOD_MATCH = YES;
				COPY_PHASE_STRIP = NO;
				DEBUG_INFORMATION_FORMAT = dwarf;
				ENABLE_STRICT_OBJC_MSGSEND = YES;
				ENABLE_TESTABILITY = YES;
				GCC_C_LANGUAGE_STANDARD = gnu11;
				GCC_DYNAMIC_NO_PIC = NO;
				GCC_NO_COMMON_BLOCKS = YES;
				GCC_OPTIMIZATION_LEVEL = 0;
				GCC_PREPROCESSOR_DEFINITIONS = (
					"DEBUG=1",
					"$(inherited)",
				);
				GCC_WARN_64_TO_32_BIT_CONVERSION = YES;
				GCC_WARN_ABOUT_RETURN_TYPE = YES_ERROR;
				GCC_WARN_UNDECLARED_SELECTOR = YES;
				GCC_WARN_UNINITIALIZED_AUTOS = YES_AGGRESSIVE;
				GCC_WARN_UNUSED_FUNCTION = YES;
				GCC_WARN_UNUSED_VARIABLE = YES;
				IPHONEOS_DEPLOYMENT_TARGET = 15.0;
				MTL_ENABLE_DEBUG_INFO = INCLUDE_SOURCE;
				MTL_FAST_MATH = YES;
				ONLY_ACTIVE_ARCH = YES;
				SDKROOT = iphoneos;
				SWIFT_ACTIVE_COMPILATION_CONDITIONS = DEBUG;
				SWIFT_OPTIMIZATION_LEVEL = "-Onone";
			};
			name = Debug;
		};
		2F4B28292742EB5100B71809 /* Release */ = {
			isa = XCBuildConfiguration;
			buildSettings = {
				ALWAYS_SEARCH_USER_PATHS = NO;
				CLANG_ANALYZER_NONNULL = YES;
				CLANG_ANALYZER_NUMBER_OBJECT_CONVERSION = YES_AGGRESSIVE;
				CLANG_CXX_LANGUAGE_STANDARD = "gnu++17";
				CLANG_CXX_LIBRARY = "libc++";
				CLANG_ENABLE_MODULES = YES;
				CLANG_ENABLE_OBJC_ARC = YES;
				CLANG_ENABLE_OBJC_WEAK = YES;
				CLANG_WARN_BLOCK_CAPTURE_AUTORELEASING = YES;
				CLANG_WARN_BOOL_CONVERSION = YES;
				CLANG_WARN_COMMA = YES;
				CLANG_WARN_CONSTANT_CONVERSION = YES;
				CLANG_WARN_DEPRECATED_OBJC_IMPLEMENTATIONS = YES;
				CLANG_WARN_DIRECT_OBJC_ISA_USAGE = YES_ERROR;
				CLANG_WARN_DOCUMENTATION_COMMENTS = YES;
				CLANG_WARN_EMPTY_BODY = YES;
				CLANG_WARN_ENUM_CONVERSION = YES;
				CLANG_WARN_INFINITE_RECURSION = YES;
				CLANG_WARN_INT_CONVERSION = YES;
				CLANG_WARN_NON_LITERAL_NULL_CONVERSION = YES;
				CLANG_WARN_OBJC_IMPLICIT_RETAIN_SELF = YES;
				CLANG_WARN_OBJC_LITERAL_CONVERSION = YES;
				CLANG_WARN_OBJC_ROOT_CLASS = YES_ERROR;
				CLANG_WARN_QUOTED_INCLUDE_IN_FRAMEWORK_HEADER = YES;
				CLANG_WARN_RANGE_LOOP_ANALYSIS = YES;
				CLANG_WARN_STRICT_PROTOTYPES = YES;
				CLANG_WARN_SUSPICIOUS_MOVE = YES;
				CLANG_WARN_UNGUARDED_AVAILABILITY = YES_AGGRESSIVE;
				CLANG_WARN_UNREACHABLE_CODE = YES;
				CLANG_WARN__DUPLICATE_METHOD_MATCH = YES;
				COPY_PHASE_STRIP = NO;
				DEBUG_INFORMATION_FORMAT = "dwarf-with-dsym";
				ENABLE_NS_ASSERTIONS = NO;
				ENABLE_STRICT_OBJC_MSGSEND = YES;
				GCC_C_LANGUAGE_STANDARD = gnu11;
				GCC_NO_COMMON_BLOCKS = YES;
				GCC_WARN_64_TO_32_BIT_CONVERSION = YES;
				GCC_WARN_ABOUT_RETURN_TYPE = YES_ERROR;
				GCC_WARN_UNDECLARED_SELECTOR = YES;
				GCC_WARN_UNINITIALIZED_AUTOS = YES_AGGRESSIVE;
				GCC_WARN_UNUSED_FUNCTION = YES;
				GCC_WARN_UNUSED_VARIABLE = YES;
				IPHONEOS_DEPLOYMENT_TARGET = 15.0;
				MTL_ENABLE_DEBUG_INFO = NO;
				MTL_FAST_MATH = YES;
				SDKROOT = iphoneos;
				SWIFT_COMPILATION_MODE = wholemodule;
				SWIFT_OPTIMIZATION_LEVEL = "-O";
				VALIDATE_PRODUCT = YES;
			};
			name = Release;
		};
		2F4B282B2742EB5100B71809 /* Debug */ = {
			isa = XCBuildConfiguration;
			baseConfigurationReference = CE87752A17849157196DF320 /* Pods-stocks.debug.xcconfig */;
			buildSettings = {
				ASSETCATALOG_COMPILER_ALTERNATE_APPICON_NAMES = "Light, Dark, Mono, Gold";
				ASSETCATALOG_COMPILER_APPICON_NAME = AppIcon;
				ASSETCATALOG_COMPILER_GLOBAL_ACCENT_COLOR_NAME = AccentColor;
				ASSETCATALOG_COMPILER_INCLUDE_ALL_APPICON_ASSETS = YES;
				CODE_SIGN_STYLE = Automatic;
				CURRENT_PROJECT_VERSION = 1;
				DEVELOPMENT_ASSET_PATHS = "\"stocks/Preview Content\"";
				DEVELOPMENT_TEAM = 8M9Y3FH3DC;
				ENABLE_PREVIEWS = YES;
				GENERATE_INFOPLIST_FILE = YES;
				INFOPLIST_FILE = stocks/Info.plist;
				INFOPLIST_KEY_UIApplicationSceneManifest_Generation = YES;
				INFOPLIST_KEY_UIApplicationSupportsIndirectInputEvents = YES;
				INFOPLIST_KEY_UILaunchScreen_Generation = YES;
				INFOPLIST_KEY_UISupportedInterfaceOrientations = "UIInterfaceOrientationPortrait UIInterfaceOrientationLandscapeRight UIInterfaceOrientationLandscapeLeft";
				INFOPLIST_KEY_UISupportedInterfaceOrientations_iPad = "UIInterfaceOrientationPortrait UIInterfaceOrientationPortraitUpsideDown UIInterfaceOrientationLandscapeLeft UIInterfaceOrientationLandscapeRight";
				INFOPLIST_KEY_UISupportedInterfaceOrientations_iPhone = "UIInterfaceOrientationPortrait UIInterfaceOrientationLandscapeLeft UIInterfaceOrientationLandscapeRight";
				IPHONEOS_DEPLOYMENT_TARGET = 15.0;
				LD_RUNPATH_SEARCH_PATHS = (
					"$(inherited)",
					"@executable_path/Frameworks",
				);
				MARKETING_VERSION = 1.0.0;
				PRODUCT_BUNDLE_IDENTIFIER = com.mittaldev.stocks;
				PRODUCT_NAME = Stockscast;
				SWIFT_EMIT_LOC_STRINGS = YES;
				SWIFT_VERSION = 5.0;
				TARGETED_DEVICE_FAMILY = "1,2";
			};
			name = Debug;
		};
		2F4B282C2742EB5100B71809 /* Release */ = {
			isa = XCBuildConfiguration;
			baseConfigurationReference = 9AAE7369B9EF075B4DE4D552 /* Pods-stocks.release.xcconfig */;
			buildSettings = {
				ASSETCATALOG_COMPILER_ALTERNATE_APPICON_NAMES = "Light, Dark, Mono, Gold";
				ASSETCATALOG_COMPILER_APPICON_NAME = AppIcon;
				ASSETCATALOG_COMPILER_GLOBAL_ACCENT_COLOR_NAME = AccentColor;
				ASSETCATALOG_COMPILER_INCLUDE_ALL_APPICON_ASSETS = YES;
				CODE_SIGN_STYLE = Automatic;
				CURRENT_PROJECT_VERSION = 1;
				DEVELOPMENT_ASSET_PATHS = "\"stocks/Preview Content\"";
				DEVELOPMENT_TEAM = 8M9Y3FH3DC;
				ENABLE_PREVIEWS = YES;
				GENERATE_INFOPLIST_FILE = YES;
				INFOPLIST_FILE = stocks/Info.plist;
				INFOPLIST_KEY_UIApplicationSceneManifest_Generation = YES;
				INFOPLIST_KEY_UIApplicationSupportsIndirectInputEvents = YES;
				INFOPLIST_KEY_UILaunchScreen_Generation = YES;
				INFOPLIST_KEY_UISupportedInterfaceOrientations = "UIInterfaceOrientationPortrait UIInterfaceOrientationLandscapeRight UIInterfaceOrientationLandscapeLeft";
				INFOPLIST_KEY_UISupportedInterfaceOrientations_iPad = "UIInterfaceOrientationPortrait UIInterfaceOrientationPortraitUpsideDown UIInterfaceOrientationLandscapeLeft UIInterfaceOrientationLandscapeRight";
				INFOPLIST_KEY_UISupportedInterfaceOrientations_iPhone = "UIInterfaceOrientationPortrait UIInterfaceOrientationLandscapeLeft UIInterfaceOrientationLandscapeRight";
				IPHONEOS_DEPLOYMENT_TARGET = 15.0;
				LD_RUNPATH_SEARCH_PATHS = (
					"$(inherited)",
					"@executable_path/Frameworks",
				);
				MARKETING_VERSION = 1.0.0;
				PRODUCT_BUNDLE_IDENTIFIER = com.mittaldev.stocks;
				PRODUCT_NAME = Stockscast;
				SWIFT_EMIT_LOC_STRINGS = YES;
				SWIFT_VERSION = 5.0;
				TARGETED_DEVICE_FAMILY = "1,2";
			};
			name = Release;
		};
/* End XCBuildConfiguration section */

/* Begin XCConfigurationList section */
		2F4B28122742EB5000B71809 /* Build configuration list for PBXProject "stocks" */ = {
			isa = XCConfigurationList;
			buildConfigurations = (
				2F4B28282742EB5100B71809 /* Debug */,
				2F4B28292742EB5100B71809 /* Release */,
			);
			defaultConfigurationIsVisible = 0;
			defaultConfigurationName = Release;
		};
		2F4B282A2742EB5100B71809 /* Build configuration list for PBXNativeTarget "stocks" */ = {
			isa = XCConfigurationList;
			buildConfigurations = (
				2F4B282B2742EB5100B71809 /* Debug */,
				2F4B282C2742EB5100B71809 /* Release */,
			);
			defaultConfigurationIsVisible = 0;
			defaultConfigurationName = Release;
		};
/* End XCConfigurationList section */

/* Begin XCRemoteSwiftPackageReference section */
		2FE3CF1727582C7900E30E09 /* XCRemoteSwiftPackageReference "BetterSafariView" */ = {
			isa = XCRemoteSwiftPackageReference;
			repositoryURL = "https://github.com/stleamist/BetterSafariView.git";
			requirement = {
				kind = upToNextMajorVersion;
				minimumVersion = 2.0.0;
			};
		};
/* End XCRemoteSwiftPackageReference section */

/* Begin XCSwiftPackageProductDependency section */
		2FE3CF1827582C7900E30E09 /* BetterSafariView */ = {
			isa = XCSwiftPackageProductDependency;
			package = 2FE3CF1727582C7900E30E09 /* XCRemoteSwiftPackageReference "BetterSafariView" */;
			productName = BetterSafariView;
		};
/* End XCSwiftPackageProductDependency section */

/* Begin XCVersionGroup section */
		2F4B28252742EB5100B71809 /* stocks.xcdatamodeld */ = {
			isa = XCVersionGroup;
			children = (
				2F4B28262742EB5100B71809 /* stocks.xcdatamodel */,
			);
			currentVersion = 2F4B28262742EB5100B71809 /* stocks.xcdatamodel */;
			path = stocks.xcdatamodeld;
			sourceTree = "<group>";
			versionGroupType = wrapper.xcdatamodel;
		};
/* End XCVersionGroup section */
	};
	rootObject = 2F4B280F2742EB5000B71809 /* Project object */;
}
